# THIS IS AN AUTOGENERATED FILE. DO NOT EDIT THIS FILE DIRECTLY.
# yarn lockfile v1


styled-reset@^4.4.7:
  version "4.4.7"
  resolved "https://registry.yarnpkg.com/styled-reset/-/styled-reset-4.4.7.tgz#6ce97d342d4d7b30b107fc2c5ba49e60da7a90cb"
  integrity sha512-OxtLqP9/2mXoI8WYa0NrJuTyvVziT+fi0Dp8go5CgTGzSVPQVo5ggaxl1tK+l08ynrVImKswSiDJFaVHxBKJuQ==
